
Microsoft Visual Studio Solution File, Format Version 12.00
# Visual Studio Version 16
VisualStudioVersion = 16.0.29728.190
MinimumVisualStudioVersion = 10.0.40219.1
Project("{FAE04EC0-301F-11D3-BF4B-00C04F79EFBC}") = "myTimeLapse Cam", "myTimeLapse Cam\myTimeLapse Cam.csproj", "{EC6355D1-8529-4DC2-B40B-5F43C16A56A1}"
EndProject
Global
	GlobalSection(SolutionConfigurationPlatforms) = preSolution
		Debug|Any CPU = Debug|Any CPU
		Release|Any CPU = Release|Any CPU
	EndGlobalSection
	GlobalSection(ProjectConfigurationPlatforms) = postSolution
		{EC6355D1-8529-4DC2-B40B-5F43C16A56A1}.Debug|Any CPU.ActiveCfg = Debug|Any CPU
		{EC6355D1-8529-4DC2-B40B-5F43C16A56A1}.Debug|Any CPU.Build.0 = Debug|Any CPU
		{EC6355D1-8529-4DC2-B40B-5F43C16A56A1}.Release|Any CPU.ActiveCfg = Release|Any CPU
		{EC6355D1-8529-4DC2-B40B-5F43C16A56A1}.Release|Any CPU.Build.0 = Release|Any CPU
	EndGlobalSection
	GlobalSection(SolutionProperties) = preSolution
		HideSolutionNode = FALSE
	EndGlobalSection
	GlobalSection(ExtensibilityGlobals) = postSolution
		SolutionGuid = {3B391336-8C28-457D-BCE1-8423F4150E9D}
	EndGlobalSection
EndGlobal
